
Microsoft Visual Studio Solution File, Format Version 12.00
# Visual Studio 14
VisualStudioVersion = 14.0.25420.1
MinimumVisualStudioVersion = 10.0.40219.1
Project("{FAE04EC0-301F-11D3-BF4B-00C04F79EFBC}") = "LotteryApp", "LotteryApp\LotteryApp.csproj", "{09F2368C-1D46-442C-8039-6263E4089960}"
	ProjectSection(ProjectDependencies) = postProject
		{87B430A8-0F01-4651-B9A7-F5A0C40BE010} = {87B430A8-0F01-4651-B9A7-F5A0C40BE010}
	EndProjectSection
EndProject
Project("{FAE04EC0-301F-11D3-BF4B-00C04F79EFBC}") = "LotterAppTests", "LotterAppTests\LotterAppTests.csproj", "{8C9E56CE-A193-4748-8147-3C0E26CE233B}"
EndProject
Project("{FAE04EC0-301F-11D3-BF4B-00C04F79EFBC}") = "RNG", "RNG\RNG.csproj", "{87B430A8-0F01-4651-B9A7-F5A0C40BE010}"
EndProject
Global
	GlobalSection(SolutionConfigurationPlatforms) = preSolution
		Debug|Any CPU = Debug|Any CPU
		Release|Any CPU = Release|Any CPU
	EndGlobalSection
	GlobalSection(ProjectConfigurationPlatforms) = postSolution
		{09F2368C-1D46-442C-8039-6263E4089960}.Debug|Any CPU.ActiveCfg = Debug|Any CPU
		{09F2368C-1D46-442C-8039-6263E4089960}.Debug|Any CPU.Build.0 = Debug|Any CPU
		{09F2368C-1D46-442C-8039-6263E4089960}.Release|Any CPU.ActiveCfg = Release|Any CPU
		{09F2368C-1D46-442C-8039-6263E4089960}.Release|Any CPU.Build.0 = Release|Any CPU
		{8C9E56CE-A193-4748-8147-3C0E26CE233B}.Debug|Any CPU.ActiveCfg = Debug|Any CPU
		{8C9E56CE-A193-4748-8147-3C0E26CE233B}.Debug|Any CPU.Build.0 = Debug|Any CPU
		{8C9E56CE-A193-4748-8147-3C0E26CE233B}.Release|Any CPU.ActiveCfg = Release|Any CPU
		{8C9E56CE-A193-4748-8147-3C0E26CE233B}.Release|Any CPU.Build.0 = Release|Any CPU
		{87B430A8-0F01-4651-B9A7-F5A0C40BE010}.Debug|Any CPU.ActiveCfg = Debug|Any CPU
		{87B430A8-0F01-4651-B9A7-F5A0C40BE010}.Debug|Any CPU.Build.0 = Debug|Any CPU
		{87B430A8-0F01-4651-B9A7-F5A0C40BE010}.Release|Any CPU.ActiveCfg = Release|Any CPU
		{87B430A8-0F01-4651-B9A7-F5A0C40BE010}.Release|Any CPU.Build.0 = Release|Any CPU
	EndGlobalSection
	GlobalSection(SolutionProperties) = preSolution
		HideSolutionNode = FALSE
	EndGlobalSection
EndGlobal
